
Microsoft Visual Studio Solution File, Format Version 12.00
# Visual Studio Version 17
VisualStudioVersion = 17.14.36221.1 d17.14
MinimumVisualStudioVersion = 10.0.40219.1
Project("{FAE04EC0-301F-11D3-BF4B-00C04F79EFBC}") = "Dia 3", "Dia 3\Dia 3.csproj", "{50A3E6D1-BA52-4D52-9FC3-F450E0E44F54}"
EndProject
Global
	GlobalSection(SolutionConfigurationPlatforms) = preSolution
		Debug|Any CPU = Debug|Any CPU
		Release|Any CPU = Release|Any CPU
	EndGlobalSection
	GlobalSection(ProjectConfigurationPlatforms) = postSolution
		{50A3E6D1-BA52-4D52-9FC3-F450E0E44F54}.Debug|Any CPU.ActiveCfg = Debug|Any CPU
		{50A3E6D1-BA52-4D52-9FC3-F450E0E44F54}.Debug|Any CPU.Build.0 = Debug|Any CPU
		{50A3E6D1-BA52-4D52-9FC3-F450E0E44F54}.Release|Any CPU.ActiveCfg = Release|Any CPU
		{50A3E6D1-BA52-4D52-9FC3-F450E0E44F54}.Release|Any CPU.Build.0 = Release|Any CPU
	EndGlobalSection
	GlobalSection(SolutionProperties) = preSolution
		HideSolutionNode = FALSE
	EndGlobalSection
	GlobalSection(ExtensibilityGlobals) = postSolution
		SolutionGuid = {57C2E6A0-17FE-4501-8C6E-6D4B912C6F40}
	EndGlobalSection
EndGlobal
